Microsoft Visual Studio Solution File, Format Version 12.00
# Visual Studio 15
Project("{8BC9CEB8-8B4A-11D0-8D11-00A0C91BC942}") = "ALL_BUILD", "ALL_BUILD.vcxproj", "{F21B017F-B1C3-306A-A5F1-D18D8CC7EBC7}"
	ProjectSection(ProjectDependencies) = postProject
		{C4801567-EDAE-31F7-BFD1-4B5E4113CECA} = {C4801567-EDAE-31F7-BFD1-4B5E4113CECA}
		{3B0435B8-15CD-338F-AE32-B87CF099B5D1} = {3B0435B8-15CD-338F-AE32-B87CF099B5D1}
	EndProjectSection
EndProject
Project("{8BC9CEB8-8B4A-11D0-8D11-00A0C91BC942}") = "ZERO_CHECK", "ZERO_CHECK.vcxproj", "{C4801567-EDAE-31F7-BFD1-4B5E4113CECA}"
	ProjectSection(ProjectDependencies) = postProject
	EndProjectSection
EndProject
Project("{8BC9CEB8-8B4A-11D0-8D11-00A0C91BC942}") = "range_image_visualization", "range_image_visualization.vcxproj", "{3B0435B8-15CD-338F-AE32-B87CF099B5D1}"
	ProjectSection(ProjectDependencies) = postProject
		{C4801567-EDAE-31F7-BFD1-4B5E4113CECA} = {C4801567-EDAE-31F7-BFD1-4B5E4113CECA}
	EndProjectSection
EndProject
Global
	GlobalSection(SolutionConfigurationPlatforms) = preSolution
		Debug|x64 = Debug|x64
		Release|x64 = Release|x64
		MinSizeRel|x64 = MinSizeRel|x64
		RelWithDebInfo|x64 = RelWithDebInfo|x64
	EndGlobalSection
	GlobalSection(ProjectConfigurationPlatforms) = postSolution
		{F21B017F-B1C3-306A-A5F1-D18D8CC7EBC7}.Debug|x64.ActiveCfg = Debug|x64
		{F21B017F-B1C3-306A-A5F1-D18D8CC7EBC7}.Release|x64.ActiveCfg = Release|x64
		{F21B017F-B1C3-306A-A5F1-D18D8CC7EBC7}.MinSizeRel|x64.ActiveCfg = MinSizeRel|x64
		{F21B017F-B1C3-306A-A5F1-D18D8CC7EBC7}.RelWithDebInfo|x64.ActiveCfg = RelWithDebInfo|x64
		{C4801567-EDAE-31F7-BFD1-4B5E4113CECA}.Debug|x64.ActiveCfg = Debug|x64
		{C4801567-EDAE-31F7-BFD1-4B5E4113CECA}.Debug|x64.Build.0 = Debug|x64
		{C4801567-EDAE-31F7-BFD1-4B5E4113CECA}.Release|x64.ActiveCfg = Release|x64
		{C4801567-EDAE-31F7-BFD1-4B5E4113CECA}.Release|x64.Build.0 = Release|x64
		{C4801567-EDAE-31F7-BFD1-4B5E4113CECA}.MinSizeRel|x64.ActiveCfg = MinSizeRel|x64
		{C4801567-EDAE-31F7-BFD1-4B5E4113CECA}.MinSizeRel|x64.Build.0 = MinSizeRel|x64
		{C4801567-EDAE-31F7-BFD1-4B5E4113CECA}.RelWithDebInfo|x64.ActiveCfg = RelWithDebInfo|x64
		{C4801567-EDAE-31F7-BFD1-4B5E4113CECA}.RelWithDebInfo|x64.Build.0 = RelWithDebInfo|x64
		{3B0435B8-15CD-338F-AE32-B87CF099B5D1}.Debug|x64.ActiveCfg = Debug|x64
		{3B0435B8-15CD-338F-AE32-B87CF099B5D1}.Debug|x64.Build.0 = Debug|x64
		{3B0435B8-15CD-338F-AE32-B87CF099B5D1}.Release|x64.ActiveCfg = Release|x64
		{3B0435B8-15CD-338F-AE32-B87CF099B5D1}.Release|x64.Build.0 = Release|x64
		{3B0435B8-15CD-338F-AE32-B87CF099B5D1}.MinSizeRel|x64.ActiveCfg = MinSizeRel|x64
		{3B0435B8-15CD-338F-AE32-B87CF099B5D1}.MinSizeRel|x64.Build.0 = MinSizeRel|x64
		{3B0435B8-15CD-338F-AE32-B87CF099B5D1}.RelWithDebInfo|x64.ActiveCfg = RelWithDebInfo|x64
		{3B0435B8-15CD-338F-AE32-B87CF099B5D1}.RelWithDebInfo|x64.Build.0 = RelWithDebInfo|x64
	EndGlobalSection
	GlobalSection(ExtensibilityGlobals) = postSolution
		SolutionGuid = {C9877233-D8C3-3B6B-83A9-5A9142EA9B4C}
	EndGlobalSection
	GlobalSection(ExtensibilityAddIns) = postSolution
	EndGlobalSection
EndGlobal
